
Microsoft Visual Studio Solution File, Format Version 12.00
# Visual Studio Version 16
VisualStudioVersion = 16.0.30011.22
MinimumVisualStudioVersion = 10.0.40219.1
Project("{2150E333-8FDC-42A3-9474-1A3956D46DE8}") = "Services", "Services", "{3178E485-47DF-45CA-90CF-25F916022CAC}"
EndProject
Project("{2150E333-8FDC-42A3-9474-1A3956D46DE8}") = "WebApps", "WebApps", "{6D365DC8-6229-4B43-B9AA-3231FD79080F}"
EndProject
Project("{2150E333-8FDC-42A3-9474-1A3956D46DE8}") = "Cadastros", "Cadastros", "{7EC78B73-8E82-46CA-B4F0-96D090F34782}"
EndProject
Project("{2150E333-8FDC-42A3-9474-1A3956D46DE8}") = "Catalogo", "Catalogo", "{DD9CE160-F49A-4499-83AB-33F4138649F4}"
EndProject
Project("{2150E333-8FDC-42A3-9474-1A3956D46DE8}") = "Core", "Core", "{A466464A-EAD5-4F03-A603-3E04BCA0A119}"
EndProject
Project("{2150E333-8FDC-42A3-9474-1A3956D46DE8}") = "Fiscal", "Fiscal", "{B515ED3D-DE4C-4604-9BB5-D9F67E710959}"
EndProject
Project("{2150E333-8FDC-42A3-9474-1A3956D46DE8}") = "Pagamentos", "Pagamentos", "{A2EACF15-67CE-4503-B17D-F2BBEE046A78}"
EndProject
Project("{2150E333-8FDC-42A3-9474-1A3956D46DE8}") = "Vendas", "Vendas", "{F35E5FE6-B989-4F67-8D19-4C869ED388FB}"
EndProject
Project("{9A19103F-16F7-4668-BE54-9A1E7A4F7556}") = "NerdStore.Catalogo.Domain", "src\NerdStore.Catalogo.Domain\NerdStore.Catalogo.Domain.csproj", "{145B55F1-C458-4C68-9633-A95F8517E569}"
EndProject
Project("{9A19103F-16F7-4668-BE54-9A1E7A4F7556}") = "NerdStore.Core", "src\NerdStore.Core\NerdStore.Core.csproj", "{8843F0C9-2E9B-456B-831E-4CD284224C16}"
EndProject
Project("{2150E333-8FDC-42A3-9474-1A3956D46DE8}") = "Tests", "Tests", "{6EB82CBA-6C13-4CEC-A94B-A13DD67D48FF}"
EndProject
Project("{9A19103F-16F7-4668-BE54-9A1E7A4F7556}") = "NerdStore.Catalogo.Domain.Tests", "tests\NerdStore.Catalogo.Domain.Tests\NerdStore.Catalogo.Domain.Tests.csproj", "{D2BE57EF-D888-4FBA-ACC4-8349333A91CE}"
EndProject
Project("{9A19103F-16F7-4668-BE54-9A1E7A4F7556}") = "NerdStore.Catalogo.Data", "src\NerdStore.Catalogo.Data\NerdStore.Catalogo.Data.csproj", "{43200252-29B0-4A71-85F3-74D54851D7BD}"
EndProject
Project("{9A19103F-16F7-4668-BE54-9A1E7A4F7556}") = "NerdStore.Catalogo.Application", "src\NerdStore.Catalogo.Application\NerdStore.Catalogo.Application.csproj", "{68155521-849D-441B-B316-4CB8C85D43D5}"
EndProject
Project("{9A19103F-16F7-4668-BE54-9A1E7A4F7556}") = "NerdStore.UI", "src\NerdStore.UI\NerdStore.UI.csproj", "{4B271576-F8D5-4EEC-B018-C050A1CE6D5B}"
EndProject
Project("{FAE04EC0-301F-11D3-BF4B-00C04F79EFBC}") = "NerdStore.Vendas.Domain", "src\NerdStore.Vendas.Domain\NerdStore.Vendas.Domain.csproj", "{B265960A-0471-4AEE-AF9C-3178B8D05CCA}"
EndProject
Project("{FAE04EC0-301F-11D3-BF4B-00C04F79EFBC}") = "NerdStore.Vendas.Application", "src\NerdStore.Vendas.Application\NerdStore.Vendas.Application.csproj", "{BFFA736B-82F9-42DF-A474-C831A1D190EF}"
EndProject
Project("{FAE04EC0-301F-11D3-BF4B-00C04F79EFBC}") = "NerdStore.Vendas.Data", "src\NerdStore.Vendas.Data\NerdStore.Vendas.Data.csproj", "{C9F5BA79-F45E-4AE6-8A6A-A5F8E32C4E73}"
EndProject
Global
	GlobalSection(SolutionConfigurationPlatforms) = preSolution
		Debug|Any CPU = Debug|Any CPU
		Release|Any CPU = Release|Any CPU
	EndGlobalSection
	GlobalSection(ProjectConfigurationPlatforms) = postSolution
		{145B55F1-C458-4C68-9633-A95F8517E569}.Debug|Any CPU.ActiveCfg = Debug|Any CPU
		{145B55F1-C458-4C68-9633-A95F8517E569}.Debug|Any CPU.Build.0 = Debug|Any CPU
		{145B55F1-C458-4C68-9633-A95F8517E569}.Release|Any CPU.ActiveCfg = Release|Any CPU
		{145B55F1-C458-4C68-9633-A95F8517E569}.Release|Any CPU.Build.0 = Release|Any CPU
		{8843F0C9-2E9B-456B-831E-4CD284224C16}.Debug|Any CPU.ActiveCfg = Debug|Any CPU
		{8843F0C9-2E9B-456B-831E-4CD284224C16}.Debug|Any CPU.Build.0 = Debug|Any CPU
		{8843F0C9-2E9B-456B-831E-4CD284224C16}.Release|Any CPU.ActiveCfg = Release|Any CPU
		{8843F0C9-2E9B-456B-831E-4CD284224C16}.Release|Any CPU.Build.0 = Release|Any CPU
		{D2BE57EF-D888-4FBA-ACC4-8349333A91CE}.Debug|Any CPU.ActiveCfg = Debug|Any CPU
		{D2BE57EF-D888-4FBA-ACC4-8349333A91CE}.Debug|Any CPU.Build.0 = Debug|Any CPU
		{D2BE57EF-D888-4FBA-ACC4-8349333A91CE}.Release|Any CPU.ActiveCfg = Release|Any CPU
		{D2BE57EF-D888-4FBA-ACC4-8349333A91CE}.Release|Any CPU.Build.0 = Release|Any CPU
		{43200252-29B0-4A71-85F3-74D54851D7BD}.Debug|Any CPU.ActiveCfg = Debug|Any CPU
		{43200252-29B0-4A71-85F3-74D54851D7BD}.Debug|Any CPU.Build.0 = Debug|Any CPU
		{43200252-29B0-4A71-85F3-74D54851D7BD}.Release|Any CPU.ActiveCfg = Release|Any CPU
		{43200252-29B0-4A71-85F3-74D54851D7BD}.Release|Any CPU.Build.0 = Release|Any CPU
		{68155521-849D-441B-B316-4CB8C85D43D5}.Debug|Any CPU.ActiveCfg = Debug|Any CPU
		{68155521-849D-441B-B316-4CB8C85D43D5}.Debug|Any CPU.Build.0 = Debug|Any CPU
		{68155521-849D-441B-B316-4CB8C85D43D5}.Release|Any CPU.ActiveCfg = Release|Any CPU
		{68155521-849D-441B-B316-4CB8C85D43D5}.Release|Any CPU.Build.0 = Release|Any CPU
		{4B271576-F8D5-4EEC-B018-C050A1CE6D5B}.Debug|Any CPU.ActiveCfg = Debug|Any CPU
		{4B271576-F8D5-4EEC-B018-C050A1CE6D5B}.Debug|Any CPU.Build.0 = Debug|Any CPU
		{4B271576-F8D5-4EEC-B018-C050A1CE6D5B}.Release|Any CPU.ActiveCfg = Release|Any CPU
		{4B271576-F8D5-4EEC-B018-C050A1CE6D5B}.Release|Any CPU.Build.0 = Release|Any CPU
		{B265960A-0471-4AEE-AF9C-3178B8D05CCA}.Debug|Any CPU.ActiveCfg = Debug|Any CPU
		{B265960A-0471-4AEE-AF9C-3178B8D05CCA}.Debug|Any CPU.Build.0 = Debug|Any CPU
		{B265960A-0471-4AEE-AF9C-3178B8D05CCA}.Release|Any CPU.ActiveCfg = Release|Any CPU
		{B265960A-0471-4AEE-AF9C-3178B8D05CCA}.Release|Any CPU.Build.0 = Release|Any CPU
		{BFFA736B-82F9-42DF-A474-C831A1D190EF}.Debug|Any CPU.ActiveCfg = Debug|Any CPU
		{BFFA736B-82F9-42DF-A474-C831A1D190EF}.Debug|Any CPU.Build.0 = Debug|Any CPU
		{BFFA736B-82F9-42DF-A474-C831A1D190EF}.Release|Any CPU.ActiveCfg = Release|Any CPU
		{BFFA736B-82F9-42DF-A474-C831A1D190EF}.Release|Any CPU.Build.0 = Release|Any CPU
		{C9F5BA79-F45E-4AE6-8A6A-A5F8E32C4E73}.Debug|Any CPU.ActiveCfg = Debug|Any CPU
		{C9F5BA79-F45E-4AE6-8A6A-A5F8E32C4E73}.Debug|Any CPU.Build.0 = Debug|Any CPU
		{C9F5BA79-F45E-4AE6-8A6A-A5F8E32C4E73}.Release|Any CPU.ActiveCfg = Release|Any CPU
		{C9F5BA79-F45E-4AE6-8A6A-A5F8E32C4E73}.Release|Any CPU.Build.0 = Release|Any CPU
	EndGlobalSection
	GlobalSection(SolutionProperties) = preSolution
		HideSolutionNode = FALSE
	EndGlobalSection
	GlobalSection(NestedProjects) = preSolution
		{7EC78B73-8E82-46CA-B4F0-96D090F34782} = {3178E485-47DF-45CA-90CF-25F916022CAC}
		{DD9CE160-F49A-4499-83AB-33F4138649F4} = {3178E485-47DF-45CA-90CF-25F916022CAC}
		{A466464A-EAD5-4F03-A603-3E04BCA0A119} = {3178E485-47DF-45CA-90CF-25F916022CAC}
		{B515ED3D-DE4C-4604-9BB5-D9F67E710959} = {3178E485-47DF-45CA-90CF-25F916022CAC}
		{A2EACF15-67CE-4503-B17D-F2BBEE046A78} = {3178E485-47DF-45CA-90CF-25F916022CAC}
		{F35E5FE6-B989-4F67-8D19-4C869ED388FB} = {3178E485-47DF-45CA-90CF-25F916022CAC}
		{145B55F1-C458-4C68-9633-A95F8517E569} = {DD9CE160-F49A-4499-83AB-33F4138649F4}
		{8843F0C9-2E9B-456B-831E-4CD284224C16} = {A466464A-EAD5-4F03-A603-3E04BCA0A119}
		{6EB82CBA-6C13-4CEC-A94B-A13DD67D48FF} = {DD9CE160-F49A-4499-83AB-33F4138649F4}
		{D2BE57EF-D888-4FBA-ACC4-8349333A91CE} = {6EB82CBA-6C13-4CEC-A94B-A13DD67D48FF}
		{43200252-29B0-4A71-85F3-74D54851D7BD} = {DD9CE160-F49A-4499-83AB-33F4138649F4}
		{68155521-849D-441B-B316-4CB8C85D43D5} = {DD9CE160-F49A-4499-83AB-33F4138649F4}
		{4B271576-F8D5-4EEC-B018-C050A1CE6D5B} = {6D365DC8-6229-4B43-B9AA-3231FD79080F}
		{B265960A-0471-4AEE-AF9C-3178B8D05CCA} = {F35E5FE6-B989-4F67-8D19-4C869ED388FB}
		{BFFA736B-82F9-42DF-A474-C831A1D190EF} = {F35E5FE6-B989-4F67-8D19-4C869ED388FB}
		{C9F5BA79-F45E-4AE6-8A6A-A5F8E32C4E73} = {F35E5FE6-B989-4F67-8D19-4C869ED388FB}
	EndGlobalSection
	GlobalSection(ExtensibilityGlobals) = postSolution
		SolutionGuid = {CA2757F9-35F4-42E3-94B4-15CCC7CC60F2}
	EndGlobalSection
EndGlobal
